Microsoft Visual Studio Solution File, Format Version 12.00
# Visual Studio Version 17
VisualStudioVersion = 17.5.2.0
MinimumVisualStudioVersion = 10.0.40219.1
Project("{FAE04EC0-301F-11D3-BF4B-00C04F79EFBC}") = "NPCdeath", "NPCdeath.csproj", "{F92E7D8F-CF46-BB20-40AB-BD22566E875C}"
EndProject
Global
	GlobalSection(SolutionConfigurationPlatforms) = preSolution
		Debug|Any CPU = Debug|Any CPU
		Release|Any CPU = Release|Any CPU
	EndGlobalSection
	GlobalSection(ProjectConfigurationPlatforms) = postSolution
		{F92E7D8F-CF46-BB20-40AB-BD22566E875C}.Debug|Any CPU.ActiveCfg = Debug|Any CPU
		{F92E7D8F-CF46-BB20-40AB-BD22566E875C}.Debug|Any CPU.Build.0 = Debug|Any CPU
		{F92E7D8F-CF46-BB20-40AB-BD22566E875C}.Release|Any CPU.ActiveCfg = Release|Any CPU
		{F92E7D8F-CF46-BB20-40AB-BD22566E875C}.Release|Any CPU.Build.0 = Release|Any CPU
	EndGlobalSection
	GlobalSection(SolutionProperties) = preSolution
		HideSolutionNode = FALSE
	EndGlobalSection
	GlobalSection(ExtensibilityGlobals) = postSolution
		SolutionGuid = {C8D854E4-CC3A-4309-8F38-BDE84C0414A3}
	EndGlobalSection
EndGlobal
